
Microsoft Visual Studio Solution File, Format Version 12.00
# Visual Studio Version 17
VisualStudioVersion = 17.7.34009.444
MinimumVisualStudioVersion = 10.0.40219.1
Project("{2150E333-8FDC-42A3-9474-1A3956D46DE8}") = "src", "src", "{1E7AF97F-9E87-4E47-9D80-8DAD9E5F5658}"
EndProject
Project("{2150E333-8FDC-42A3-9474-1A3956D46DE8}") = "tests", "tests", "{DB1FF807-9E7F-4F7E-BA2C-84F99AEEEACC}"
EndProject
Project("{9A19103F-16F7-4668-BE54-9A1E7A4F7556}") = "Spix.Domain", "src\Spix.Domain\Spix.Domain.csproj", "{DF60C8AC-04D1-43DE-8E31-4FDF0AB8D87C}"
EndProject
Project("{9A19103F-16F7-4668-BE54-9A1E7A4F7556}") = "Spix.UnitTests", "Spix.UnitTests\Spix.UnitTests.csproj", "{CB2A5223-12D4-4B91-918A-BC3AA134AAA4}"
EndProject
Project("{9A19103F-16F7-4668-BE54-9A1E7A4F7556}") = "Spix.Application", "src\Spix.Application\Spix.Application.csproj", "{D2223E87-C57F-4D79-86D0-3E24B683D574}"
EndProject
Project("{FAE04EC0-301F-11D3-BF4B-00C04F79EFBC}") = "Spix.Infra", "src\Spix.Infra\Spix.Infra.csproj", "{237BC107-D6C8-4AE9-A86B-46A29AA100B5}"
EndProject
Project("{FAE04EC0-301F-11D3-BF4B-00C04F79EFBC}") = "Spix.Api", "src\Spix.Api\Spix.Api.csproj", "{4A950028-5995-4DF7-8949-9CC6DC7278D7}"
EndProject
Global
	GlobalSection(SolutionConfigurationPlatforms) = preSolution
		Debug|Any CPU = Debug|Any CPU
		Release|Any CPU = Release|Any CPU
	EndGlobalSection
	GlobalSection(ProjectConfigurationPlatforms) = postSolution
		{DF60C8AC-04D1-43DE-8E31-4FDF0AB8D87C}.Debug|Any CPU.ActiveCfg = Debug|Any CPU
		{DF60C8AC-04D1-43DE-8E31-4FDF0AB8D87C}.Debug|Any CPU.Build.0 = Debug|Any CPU
		{DF60C8AC-04D1-43DE-8E31-4FDF0AB8D87C}.Release|Any CPU.ActiveCfg = Release|Any CPU
		{DF60C8AC-04D1-43DE-8E31-4FDF0AB8D87C}.Release|Any CPU.Build.0 = Release|Any CPU
		{CB2A5223-12D4-4B91-918A-BC3AA134AAA4}.Debug|Any CPU.ActiveCfg = Debug|Any CPU
		{CB2A5223-12D4-4B91-918A-BC3AA134AAA4}.Debug|Any CPU.Build.0 = Debug|Any CPU
		{CB2A5223-12D4-4B91-918A-BC3AA134AAA4}.Release|Any CPU.ActiveCfg = Release|Any CPU
		{CB2A5223-12D4-4B91-918A-BC3AA134AAA4}.Release|Any CPU.Build.0 = Release|Any CPU
		{D2223E87-C57F-4D79-86D0-3E24B683D574}.Debug|Any CPU.ActiveCfg = Debug|Any CPU
		{D2223E87-C57F-4D79-86D0-3E24B683D574}.Debug|Any CPU.Build.0 = Debug|Any CPU
		{D2223E87-C57F-4D79-86D0-3E24B683D574}.Release|Any CPU.ActiveCfg = Release|Any CPU
		{D2223E87-C57F-4D79-86D0-3E24B683D574}.Release|Any CPU.Build.0 = Release|Any CPU
		{237BC107-D6C8-4AE9-A86B-46A29AA100B5}.Debug|Any CPU.ActiveCfg = Debug|Any CPU
		{237BC107-D6C8-4AE9-A86B-46A29AA100B5}.Debug|Any CPU.Build.0 = Debug|Any CPU
		{237BC107-D6C8-4AE9-A86B-46A29AA100B5}.Release|Any CPU.ActiveCfg = Release|Any CPU
		{237BC107-D6C8-4AE9-A86B-46A29AA100B5}.Release|Any CPU.Build.0 = Release|Any CPU
		{4A950028-5995-4DF7-8949-9CC6DC7278D7}.Debug|Any CPU.ActiveCfg = Debug|Any CPU
		{4A950028-5995-4DF7-8949-9CC6DC7278D7}.Debug|Any CPU.Build.0 = Debug|Any CPU
		{4A950028-5995-4DF7-8949-9CC6DC7278D7}.Release|Any CPU.ActiveCfg = Release|Any CPU
		{4A950028-5995-4DF7-8949-9CC6DC7278D7}.Release|Any CPU.Build.0 = Release|Any CPU
	EndGlobalSection
	GlobalSection(SolutionProperties) = preSolution
		HideSolutionNode = FALSE
	EndGlobalSection
	GlobalSection(NestedProjects) = preSolution
		{DF60C8AC-04D1-43DE-8E31-4FDF0AB8D87C} = {1E7AF97F-9E87-4E47-9D80-8DAD9E5F5658}
		{CB2A5223-12D4-4B91-918A-BC3AA134AAA4} = {DB1FF807-9E7F-4F7E-BA2C-84F99AEEEACC}
		{D2223E87-C57F-4D79-86D0-3E24B683D574} = {1E7AF97F-9E87-4E47-9D80-8DAD9E5F5658}
		{237BC107-D6C8-4AE9-A86B-46A29AA100B5} = {1E7AF97F-9E87-4E47-9D80-8DAD9E5F5658}
		{4A950028-5995-4DF7-8949-9CC6DC7278D7} = {1E7AF97F-9E87-4E47-9D80-8DAD9E5F5658}
	EndGlobalSection
	GlobalSection(ExtensibilityGlobals) = postSolution
		SolutionGuid = {F466C67D-8816-4AA2-A2E4-521FC1E1C1FF}
	EndGlobalSection
EndGlobal
